
Microsoft Visual Studio Solution File, Format Version 11.00
# Visual Studio 2010
Project("{FAE04EC0-301F-11D3-BF4B-00C04F79EFBC}") = "Calculator", "Calculator\Calculator.csproj", "{467862EF-28B7-4614-B89C-B65C446DEFE5}"
EndProject
Global
	GlobalSection(SolutionConfigurationPlatforms) = preSolution
		Debug|x86 = Debug|x86
		Release|x86 = Release|x86
	EndGlobalSection
	GlobalSection(ProjectConfigurationPlatforms) = postSolution
		{467862EF-28B7-4614-B89C-B65C446DEFE5}.Debug|x86.ActiveCfg = Debug|x86
		{467862EF-28B7-4614-B89C-B65C446DEFE5}.Debug|x86.Build.0 = Debug|x86
		{467862EF-28B7-4614-B89C-B65C446DEFE5}.Release|x86.ActiveCfg = Release|x86
		{467862EF-28B7-4614-B89C-B65C446DEFE5}.Release|x86.Build.0 = Release|x86
	EndGlobalSection
	GlobalSection(SolutionProperties) = preSolution
		HideSolutionNode = FALSE
	EndGlobalSection
EndGlobal
